
Microsoft Visual Studio Solution File, Format Version 12.00
# Visual Studio Version 17
VisualStudioVersion = 17.0.32112.339
MinimumVisualStudioVersion = 10.0.40219.1
Project("{FAE04EC0-301F-11D3-BF4B-00C04F79EFBC}") = "While-Loop 1", "While-Loop 1\While-Loop 1.csproj", "{0FBAA454-9819-4A83-B9A6-9E26691FA776}"
EndProject
Global
	GlobalSection(SolutionConfigurationPlatforms) = preSolution
		Debug|Any CPU = Debug|Any CPU
		Release|Any CPU = Release|Any CPU
	EndGlobalSection
	GlobalSection(ProjectConfigurationPlatforms) = postSolution
		{0FBAA454-9819-4A83-B9A6-9E26691FA776}.Debug|Any CPU.ActiveCfg = Debug|Any CPU
		{0FBAA454-9819-4A83-B9A6-9E26691FA776}.Debug|Any CPU.Build.0 = Debug|Any CPU
		{0FBAA454-9819-4A83-B9A6-9E26691FA776}.Release|Any CPU.ActiveCfg = Release|Any CPU
		{0FBAA454-9819-4A83-B9A6-9E26691FA776}.Release|Any CPU.Build.0 = Release|Any CPU
	EndGlobalSection
	GlobalSection(SolutionProperties) = preSolution
		HideSolutionNode = FALSE
	EndGlobalSection
	GlobalSection(ExtensibilityGlobals) = postSolution
		SolutionGuid = {DAD482F8-CFF7-4C1A-9588-5A9405C76888}
	EndGlobalSection
EndGlobal
