
Microsoft Visual Studio Solution File, Format Version 12.00
# Visual Studio Version 17
VisualStudioVersion = 17.0.32112.339
MinimumVisualStudioVersion = 10.0.40219.1
Project("{FAE04EC0-301F-11D3-BF4B-00C04F79EFBC}") = "Else-If Statement 1", "Else-If Statement 1\Else-If Statement 1.csproj", "{44CEECD3-6570-4522-8467-E85D46F7F220}"
EndProject
Global
	GlobalSection(SolutionConfigurationPlatforms) = preSolution
		Debug|Any CPU = Debug|Any CPU
		Release|Any CPU = Release|Any CPU
	EndGlobalSection
	GlobalSection(ProjectConfigurationPlatforms) = postSolution
		{44CEECD3-6570-4522-8467-E85D46F7F220}.Debug|Any CPU.ActiveCfg = Debug|Any CPU
		{44CEECD3-6570-4522-8467-E85D46F7F220}.Debug|Any CPU.Build.0 = Debug|Any CPU
		{44CEECD3-6570-4522-8467-E85D46F7F220}.Release|Any CPU.ActiveCfg = Release|Any CPU
		{44CEECD3-6570-4522-8467-E85D46F7F220}.Release|Any CPU.Build.0 = Release|Any CPU
	EndGlobalSection
	GlobalSection(SolutionProperties) = preSolution
		HideSolutionNode = FALSE
	EndGlobalSection
	GlobalSection(ExtensibilityGlobals) = postSolution
		SolutionGuid = {2472E8BF-C667-44E9-8E04-C92FD054FB76}
	EndGlobalSection
EndGlobal
