
Microsoft Visual Studio Solution File, Format Version 12.00
# Visual Studio Version 17
VisualStudioVersion = 17.0.32112.339
MinimumVisualStudioVersion = 10.0.40219.1
Project("{9A19103F-16F7-4668-BE54-9A1E7A4F7556}") = "Output 3", "Output 3\Output 3.csproj", "{84450124-36A5-4D9B-9052-9942CA188E56}"
EndProject
Global
	GlobalSection(SolutionConfigurationPlatforms) = preSolution
		Debug|Any CPU = Debug|Any CPU
		go|Any CPU = go|Any CPU
		Release|Any CPU = Release|Any CPU
	EndGlobalSection
	GlobalSection(ProjectConfigurationPlatforms) = postSolution
		{84450124-36A5-4D9B-9052-9942CA188E56}.Debug|Any CPU.ActiveCfg = Debug|Any CPU
		{84450124-36A5-4D9B-9052-9942CA188E56}.Debug|Any CPU.Build.0 = Debug|Any CPU
		{84450124-36A5-4D9B-9052-9942CA188E56}.go|Any CPU.ActiveCfg = go|Any CPU
		{84450124-36A5-4D9B-9052-9942CA188E56}.go|Any CPU.Build.0 = go|Any CPU
		{84450124-36A5-4D9B-9052-9942CA188E56}.Release|Any CPU.ActiveCfg = Release|Any CPU
		{84450124-36A5-4D9B-9052-9942CA188E56}.Release|Any CPU.Build.0 = Release|Any CPU
	EndGlobalSection
	GlobalSection(SolutionProperties) = preSolution
		HideSolutionNode = FALSE
	EndGlobalSection
	GlobalSection(ExtensibilityGlobals) = postSolution
		SolutionGuid = {2C68FB59-E4CA-4D94-839B-38DF225FCC6F}
	EndGlobalSection
EndGlobal
