
Microsoft Visual Studio Solution File, Format Version 12.00
# Visual Studio Version 16
VisualStudioVersion = 16.0.31410.357
MinimumVisualStudioVersion = 10.0.40219.1
Project("{FAE04EC0-301F-11D3-BF4B-00C04F79EFBC}") = "Output 2", "Output 2\Output 2.csproj", "{B3B2DBB4-42D2-4CA3-9F69-1B501C621536}"
EndProject
Global
	GlobalSection(SolutionConfigurationPlatforms) = preSolution
		Debug|Any CPU = Debug|Any CPU
		Release|Any CPU = Release|Any CPU
	EndGlobalSection
	GlobalSection(ProjectConfigurationPlatforms) = postSolution
		{B3B2DBB4-42D2-4CA3-9F69-1B501C621536}.Debug|Any CPU.ActiveCfg = Debug|Any CPU
		{B3B2DBB4-42D2-4CA3-9F69-1B501C621536}.Debug|Any CPU.Build.0 = Debug|Any CPU
		{B3B2DBB4-42D2-4CA3-9F69-1B501C621536}.Release|Any CPU.ActiveCfg = Release|Any CPU
		{B3B2DBB4-42D2-4CA3-9F69-1B501C621536}.Release|Any CPU.Build.0 = Release|Any CPU
	EndGlobalSection
	GlobalSection(SolutionProperties) = preSolution
		HideSolutionNode = FALSE
	EndGlobalSection
	GlobalSection(ExtensibilityGlobals) = postSolution
		SolutionGuid = {7040E561-CA8D-48B1-AD37-9B896CA5B4D2}
	EndGlobalSection
EndGlobal
